
Microsoft Visual Studio Solution File, Format Version 12.00
# Visual Studio Version 16
VisualStudioVersion = 16.0.32002.261
MinimumVisualStudioVersion = 10.0.40219.1
Project("{9A19103F-16F7-4668-BE54-9A1E7A4F7556}") = "CommandLineSample", "CommandLineSample\CommandLineSample.csproj", "{BAD3AAB4-AD1E-4778-9121-4FEE898EC8B3}"
EndProject
Project("{9A19103F-16F7-4668-BE54-9A1E7A4F7556}") = "JsonFileSample", "JsonFileSample\JsonFileSample.csproj", "{BA4636D7-BC42-497B-AEC0-BD4EA054F308}"
EndProject
Project("{9A19103F-16F7-4668-BE54-9A1E7A4F7556}") = "OptionsSample", "OptionsSample\OptionsSample.csproj", "{18ACCAD0-A3B0-41C2-886A-25BE65F8CC50}"
EndProject
Project("{9A19103F-16F7-4668-BE54-9A1E7A4F7556}") = "MiddleWareSample", "MiddleWareSample\MiddleWareSample.csproj", "{2FD0192C-0986-46FB-ADC3-D108455B02CF}"
EndProject
Project("{9A19103F-16F7-4668-BE54-9A1E7A4F7556}") = "PipeLineSample", "PipeLineSample\PipeLineSample.csproj", "{0FBD9F6C-A81D-4793-BAE5-F95DA37C07F0}"
EndProject
Project("{FAE04EC0-301F-11D3-BF4B-00C04F79EFBC}") = "CookieBasedSample", "CookieBasedSample\CookieBasedSample.csproj", "{6D25DA5B-97ED-477C-82A1-FAF8E26590D0}"
EndProject
Global
	GlobalSection(SolutionConfigurationPlatforms) = preSolution
		Debug|Any CPU = Debug|Any CPU
		Release|Any CPU = Release|Any CPU
	EndGlobalSection
	GlobalSection(ProjectConfigurationPlatforms) = postSolution
		{BAD3AAB4-AD1E-4778-9121-4FEE898EC8B3}.Debug|Any CPU.ActiveCfg = Debug|Any CPU
		{BAD3AAB4-AD1E-4778-9121-4FEE898EC8B3}.Debug|Any CPU.Build.0 = Debug|Any CPU
		{BAD3AAB4-AD1E-4778-9121-4FEE898EC8B3}.Release|Any CPU.ActiveCfg = Release|Any CPU
		{BAD3AAB4-AD1E-4778-9121-4FEE898EC8B3}.Release|Any CPU.Build.0 = Release|Any CPU
		{BA4636D7-BC42-497B-AEC0-BD4EA054F308}.Debug|Any CPU.ActiveCfg = Debug|Any CPU
		{BA4636D7-BC42-497B-AEC0-BD4EA054F308}.Debug|Any CPU.Build.0 = Debug|Any CPU
		{BA4636D7-BC42-497B-AEC0-BD4EA054F308}.Release|Any CPU.ActiveCfg = Release|Any CPU
		{BA4636D7-BC42-497B-AEC0-BD4EA054F308}.Release|Any CPU.Build.0 = Release|Any CPU
		{18ACCAD0-A3B0-41C2-886A-25BE65F8CC50}.Debug|Any CPU.ActiveCfg = Debug|Any CPU
		{18ACCAD0-A3B0-41C2-886A-25BE65F8CC50}.Debug|Any CPU.Build.0 = Debug|Any CPU
		{18ACCAD0-A3B0-41C2-886A-25BE65F8CC50}.Release|Any CPU.ActiveCfg = Release|Any CPU
		{18ACCAD0-A3B0-41C2-886A-25BE65F8CC50}.Release|Any CPU.Build.0 = Release|Any CPU
		{2FD0192C-0986-46FB-ADC3-D108455B02CF}.Debug|Any CPU.ActiveCfg = Debug|Any CPU
		{2FD0192C-0986-46FB-ADC3-D108455B02CF}.Debug|Any CPU.Build.0 = Debug|Any CPU
		{2FD0192C-0986-46FB-ADC3-D108455B02CF}.Release|Any CPU.ActiveCfg = Release|Any CPU
		{2FD0192C-0986-46FB-ADC3-D108455B02CF}.Release|Any CPU.Build.0 = Release|Any CPU
		{0FBD9F6C-A81D-4793-BAE5-F95DA37C07F0}.Debug|Any CPU.ActiveCfg = Debug|Any CPU
		{0FBD9F6C-A81D-4793-BAE5-F95DA37C07F0}.Debug|Any CPU.Build.0 = Debug|Any CPU
		{0FBD9F6C-A81D-4793-BAE5-F95DA37C07F0}.Release|Any CPU.ActiveCfg = Release|Any CPU
		{0FBD9F6C-A81D-4793-BAE5-F95DA37C07F0}.Release|Any CPU.Build.0 = Release|Any CPU
		{6D25DA5B-97ED-477C-82A1-FAF8E26590D0}.Debug|Any CPU.ActiveCfg = Debug|Any CPU
		{6D25DA5B-97ED-477C-82A1-FAF8E26590D0}.Debug|Any CPU.Build.0 = Debug|Any CPU
		{6D25DA5B-97ED-477C-82A1-FAF8E26590D0}.Release|Any CPU.ActiveCfg = Release|Any CPU
		{6D25DA5B-97ED-477C-82A1-FAF8E26590D0}.Release|Any CPU.Build.0 = Release|Any CPU
	EndGlobalSection
	GlobalSection(SolutionProperties) = preSolution
		HideSolutionNode = FALSE
	EndGlobalSection
	GlobalSection(ExtensibilityGlobals) = postSolution
		SolutionGuid = {CF82075C-46D6-4BF8-9BA9-881FBF460326}
	EndGlobalSection
EndGlobal
